
Microsoft Visual Studio Solution File, Format Version 12.00
# Visual Studio Version 17
VisualStudioVersion = 17.4.33213.308
MinimumVisualStudioVersion = 10.0.40219.1
Project("{9A19103F-16F7-4668-BE54-9A1E7A4F7556}") = "KryptoniteAPI", "KryptoniteAPI\KryptoniteAPI.csproj", "{9703F3E8-7241-4BB5-99F1-5E2B698E01F1}"
	ProjectSection(ProjectDependencies) = postProject
		{3A49965B-3170-4E95-9962-8A003DEC51C9} = {3A49965B-3170-4E95-9962-8A003DEC51C9}
		{A5F71461-17B1-467B-A0E7-A2DBCD1B1DB0} = {A5F71461-17B1-467B-A0E7-A2DBCD1B1DB0}
		{A6104ACE-F658-4E3B-9544-A404FF0EB36D} = {A6104ACE-F658-4E3B-9544-A404FF0EB36D}
	EndProjectSection
EndProject
Project("{FAE04EC0-301F-11D3-BF4B-00C04F79EFBC}") = "Kryptonite", "Kryptonite\Kryptonite.csproj", "{A5F71461-17B1-467B-A0E7-A2DBCD1B1DB0}"
EndProject
Project("{FAE04EC0-301F-11D3-BF4B-00C04F79EFBC}") = "AESKryptonite", "AESKryptonite\AESKryptonite.csproj", "{3A49965B-3170-4E95-9962-8A003DEC51C9}"
	ProjectSection(ProjectDependencies) = postProject
		{A5F71461-17B1-467B-A0E7-A2DBCD1B1DB0} = {A5F71461-17B1-467B-A0E7-A2DBCD1B1DB0}
	EndProjectSection
EndProject
Project("{FAE04EC0-301F-11D3-BF4B-00C04F79EFBC}") = "CeaserKryptonite", "CeaserKryptonite\CeaserKryptonite.csproj", "{A6104ACE-F658-4E3B-9544-A404FF0EB36D}"
	ProjectSection(ProjectDependencies) = postProject
		{A5F71461-17B1-467B-A0E7-A2DBCD1B1DB0} = {A5F71461-17B1-467B-A0E7-A2DBCD1B1DB0}
	EndProjectSection
EndProject
Global
	GlobalSection(SolutionConfigurationPlatforms) = preSolution
		Debug|Any CPU = Debug|Any CPU
		Release|Any CPU = Release|Any CPU
	EndGlobalSection
	GlobalSection(ProjectConfigurationPlatforms) = postSolution
		{9703F3E8-7241-4BB5-99F1-5E2B698E01F1}.Debug|Any CPU.ActiveCfg = Debug|Any CPU
		{9703F3E8-7241-4BB5-99F1-5E2B698E01F1}.Debug|Any CPU.Build.0 = Debug|Any CPU
		{9703F3E8-7241-4BB5-99F1-5E2B698E01F1}.Release|Any CPU.ActiveCfg = Release|Any CPU
		{9703F3E8-7241-4BB5-99F1-5E2B698E01F1}.Release|Any CPU.Build.0 = Release|Any CPU
		{A5F71461-17B1-467B-A0E7-A2DBCD1B1DB0}.Debug|Any CPU.ActiveCfg = Debug|Any CPU
		{A5F71461-17B1-467B-A0E7-A2DBCD1B1DB0}.Debug|Any CPU.Build.0 = Debug|Any CPU
		{A5F71461-17B1-467B-A0E7-A2DBCD1B1DB0}.Release|Any CPU.ActiveCfg = Release|Any CPU
		{A5F71461-17B1-467B-A0E7-A2DBCD1B1DB0}.Release|Any CPU.Build.0 = Release|Any CPU
		{3A49965B-3170-4E95-9962-8A003DEC51C9}.Debug|Any CPU.ActiveCfg = Debug|Any CPU
		{3A49965B-3170-4E95-9962-8A003DEC51C9}.Debug|Any CPU.Build.0 = Debug|Any CPU
		{3A49965B-3170-4E95-9962-8A003DEC51C9}.Release|Any CPU.ActiveCfg = Release|Any CPU
		{3A49965B-3170-4E95-9962-8A003DEC51C9}.Release|Any CPU.Build.0 = Release|Any CPU
		{A6104ACE-F658-4E3B-9544-A404FF0EB36D}.Debug|Any CPU.ActiveCfg = Debug|Any CPU
		{A6104ACE-F658-4E3B-9544-A404FF0EB36D}.Debug|Any CPU.Build.0 = Debug|Any CPU
		{A6104ACE-F658-4E3B-9544-A404FF0EB36D}.Release|Any CPU.ActiveCfg = Release|Any CPU
		{A6104ACE-F658-4E3B-9544-A404FF0EB36D}.Release|Any CPU.Build.0 = Release|Any CPU
	EndGlobalSection
	GlobalSection(SolutionProperties) = preSolution
		HideSolutionNode = FALSE
	EndGlobalSection
	GlobalSection(ExtensibilityGlobals) = postSolution
		SolutionGuid = {58FD606D-D71D-49C3-9939-B5A4C2C447C9}
	EndGlobalSection
EndGlobal
